lockfileVersion: 5.4

overrides:
  '@sveltejs/kit': ../kit/packages/kit
  '@sveltejs/adapter-auto': ../kit/packages/adapter-auto
  '@sveltejs/adapter-cloudflare': ../kit/packages/adapter-cloudflare
  '@sveltejs/adapter-netlify': ../kit/packages/adapter-netlify
  '@sveltejs/adapter-node': ../kit/packages/adapter-node
  '@sveltejs/adapter-static': ../kit/packages/adapter-static
  '@sveltejs/adapter-vercel': ../kit/packages/adapter-vercel

specifiers:
  '@fontsource/fira-mono': ^4.5.0
  '@lukeed/uuid': ^2.0.0
  '@sveltejs/adapter-auto': ../kit/packages/adapter-auto
  '@sveltejs/adapter-cloudflare': ../kit/packages/adapter-cloudflare
  '@sveltejs/adapter-netlify': ../kit/packages/adapter-netlify
  '@sveltejs/adapter-node': ../kit/packages/adapter-node
  '@sveltejs/adapter-static': ../kit/packages/adapter-static
  '@sveltejs/adapter-vercel': ../kit/packages/adapter-vercel
  '@sveltejs/kit': ../kit/packages/kit
  cookie: ^0.4.1
  devalue: ^2.0.1
  prettier: ^2.5.1
  prettier-plugin-svelte: ^2.5.0
  svelte: ^3.46.0
  typescript: ^4.6.2

dependencies:
  '@fontsource/fira-mono': 4.5.3
  '@lukeed/uuid': 2.0.0
  cookie: 0.4.2

devDependencies:
  '@sveltejs/adapter-auto': link:../kit/packages/adapter-auto
  '@sveltejs/adapter-cloudflare': link:../kit/packages/adapter-cloudflare
  '@sveltejs/adapter-netlify': link:../kit/packages/adapter-netlify
  '@sveltejs/adapter-node': link:../kit/packages/adapter-node
  '@sveltejs/adapter-static': link:../kit/packages/adapter-static
  '@sveltejs/adapter-vercel': link:../kit/packages/adapter-vercel
  '@sveltejs/kit': link:../kit/packages/kit
  devalue: 2.0.1
  prettier: 2.5.1
  prettier-plugin-svelte: 2.6.0_a6mk22ceh463eaorpsa4xgvlmq
  svelte: 3.46.4
  typescript: 4.6.2

packages:

  /@fontsource/fira-mono/4.5.3:
    resolution: {integrity: sha512-uMeCuPhpLagkOBUkbuWgzRhSWoz7SxtgVJeo9nxuvwVZLahmKQJjkZnNj9OrLWMHbDWZMPI0ApolIJASEFP4eQ==}
    dev: false

  /@lukeed/csprng/1.0.1:
    resolution: {integrity: sha512-uSvJdwQU5nK+Vdf6zxcWAY2A8r7uqe+gePwLWzJ+fsQehq18pc0I2hJKwypZ2aLM90+Er9u1xn4iLJPZ+xlL4g==}
    engines: {node: '>=8'}
    dev: false

  /@lukeed/uuid/2.0.0:
    resolution: {integrity: sha512-dUz8OmYvlY5A9wXaroHIMSPASpSYRLCqbPvxGSyHguhtTQIy24lC+EGxQlwv71AhRCO55WOtgwhzQLpw27JaJQ==}
    engines: {node: '>=8'}
    dependencies:
      '@lukeed/csprng': 1.0.1
    dev: false

  /cookie/0.4.2:
    resolution: {integrity: sha512-aSWTXFzaKWkvHO1Ny/s+ePFpvKsPnjc551iI41v3ny/ow6tBG5Vd+FuqGNhh1LxOmVzOlGUriIlOaokOvhaStA==}
    engines: {node: '>= 0.6'}
    dev: false

  /devalue/2.0.1:
    resolution: {integrity: sha512-I2TiqT5iWBEyB8GRfTDP0hiLZ0YeDJZ+upDxjBfOC2lebO5LezQMv7QvIUTzdb64jQyAKLf1AHADtGN+jw6v8Q==}
    dev: true

  /prettier-plugin-svelte/2.6.0_a6mk22ceh463eaorpsa4xgvlmq:
    resolution: {integrity: sha512-NPSRf6Y5rufRlBleok/pqg4+1FyGsL0zYhkYP6hnueeL1J/uCm3OfOZPsLX4zqD9VAdcXfyEL2PYqGv8ZoOSfA==}
    peerDependencies:
      prettier: ^1.16.4 || ^2.0.0
      svelte: ^3.2.0
    dependencies:
      prettier: 2.5.1
      svelte: 3.46.4
    dev: true

  /prettier/2.5.1:
    resolution: {integrity: sha512-vBZcPRUR5MZJwoyi3ZoyQlc1rXeEck8KgeC9AwwOn+exuxLxq5toTRDTSaVrXHxelDMHy9zlicw8u66yxoSUFg==}
    engines: {node: '>=10.13.0'}
    hasBin: true
    dev: true

  /svelte/3.46.4:
    resolution: {integrity: sha512-qKJzw6DpA33CIa+C/rGp4AUdSfii0DOTCzj/2YpSKKayw5WGSS624Et9L1nU1k2OVRS9vaENQXp2CVZNU+xvIg==}
    engines: {node: '>= 8'}
    dev: true

  /typescript/4.6.2:
    resolution: {integrity: sha512-HM/hFigTBHZhLXshn9sN37H085+hQGeJHJ/X7LpBWLID/fbc2acUMfU+lGD98X81sKP+pFa9f0DZmCwB9GnbAg==}
    engines: {node: '>=4.2.0'}
    hasBin: true
    dev: true
